
Microsoft Visual Studio Solution File, Format Version 12.00
# Visual Studio Version 17
VisualStudioVersion = 17.0.31903.59
MinimumVisualStudioVersion = 10.0.40219.1
Project("{FAE04EC0-301F-11D3-BF4B-00C04F79EFBC}") = "Omni.Collections", "src\Omni.Collections\Omni.Collections.csproj", "{A1B2C3D4-E5F6-7890-1234-567890ABCDEF}"
EndProject
Project("{FAE04EC0-301F-11D3-BF4B-00C04F79EFBC}") = "Omni.Collections.Benchmarks", "src\Omni.Collections.Benchmarks\Omni.Collections.Benchmarks.csproj", "{B1B2C3D4-E5F6-7890-1234-567890ABCDEF}"
EndProject
Project("{FAE04EC0-301F-11D3-BF4B-00C04F79EFBC}") = "Omni.Collections.Tests", "src\Omni.Collections.Tests\Omni.Collections.Tests.csproj", "{C1B2C3D4-E5F6-7890-1234-567890ABCDEF}"
EndProject
Project("{2150E333-8FDC-42A3-9474-1A3956D46DE8}") = "src", "src", "{827E0CD3-B72D-47B6-A68D-7590B98EB39B}"
EndProject
Project("{FAE04EC0-301F-11D3-BF4B-00C04F79EFBC}") = "Omni.Collections.Core", "src\Omni.Collections.Core\Omni.Collections.Core.csproj", "{EA8B8C68-142B-453E-BABD-F9B61964940D}"
EndProject
Project("{FAE04EC0-301F-11D3-BF4B-00C04F79EFBC}") = "Omni.Collections.Linear", "src\Omni.Collections.Linear\Omni.Collections.Linear.csproj", "{452036DE-205D-4728-86B3-882EC6560BE5}"
EndProject
Project("{FAE04EC0-301F-11D3-BF4B-00C04F79EFBC}") = "Omni.Collections.Spatial", "src\Omni.Collections.Spatial\Omni.Collections.Spatial.csproj", "{BB03C202-A4A7-4629-B0C6-EFBE886B8D13}"
EndProject
Project("{FAE04EC0-301F-11D3-BF4B-00C04F79EFBC}") = "Omni.Collections.Probabilistic", "src\Omni.Collections.Probabilistic\Omni.Collections.Probabilistic.csproj", "{5BA4E6FA-7CE1-4753-BF86-37BDCFC50A86}"
EndProject
Project("{FAE04EC0-301F-11D3-BF4B-00C04F79EFBC}") = "Omni.Collections.Hybrid", "src\Omni.Collections.Hybrid\Omni.Collections.Hybrid.csproj", "{C1C70C0F-3CF9-4D29-AD16-C6DF0C8E0416}"
EndProject
Project("{FAE04EC0-301F-11D3-BF4B-00C04F79EFBC}") = "Omni.Collections.Grid", "src\Omni.Collections.Grid\Omni.Collections.Grid.csproj", "{AA869C94-89D2-4F44-AD5C-A4061F2E843D}"
EndProject
Project("{FAE04EC0-301F-11D3-BF4B-00C04F79EFBC}") = "Omni.Collections.Reactive", "src\Omni.Collections.Reactive\Omni.Collections.Reactive.csproj", "{1A745171-9402-40F0-984E-ECD7B5A92F9C}"
EndProject
Project("{FAE04EC0-301F-11D3-BF4B-00C04F79EFBC}") = "Omni.Collections.Temporal", "src\Omni.Collections.Temporal\Omni.Collections.Temporal.csproj", "{7F20D283-8E68-4562-8A3E-4BEABC7C4B0C}"
EndProject
Global
	GlobalSection(SolutionConfigurationPlatforms) = preSolution
		Debug|Any CPU = Debug|Any CPU
		Debug|x64 = Debug|x64
		Debug|x86 = Debug|x86
		Release|Any CPU = Release|Any CPU
		Release|x64 = Release|x64
		Release|x86 = Release|x86
	EndGlobalSection
	GlobalSection(ProjectConfigurationPlatforms) = postSolution
		{A1B2C3D4-E5F6-7890-1234-567890ABCDEF}.Debug|Any CPU.ActiveCfg = Debug|Any CPU
		{A1B2C3D4-E5F6-7890-1234-567890ABCDEF}.Debug|Any CPU.Build.0 = Debug|Any CPU
		{A1B2C3D4-E5F6-7890-1234-567890ABCDEF}.Debug|x64.ActiveCfg = Debug|Any CPU
		{A1B2C3D4-E5F6-7890-1234-567890ABCDEF}.Debug|x64.Build.0 = Debug|Any CPU
		{A1B2C3D4-E5F6-7890-1234-567890ABCDEF}.Debug|x86.ActiveCfg = Debug|Any CPU
		{A1B2C3D4-E5F6-7890-1234-567890ABCDEF}.Debug|x86.Build.0 = Debug|Any CPU
		{A1B2C3D4-E5F6-7890-1234-567890ABCDEF}.Release|Any CPU.ActiveCfg = Release|Any CPU
		{A1B2C3D4-E5F6-7890-1234-567890ABCDEF}.Release|Any CPU.Build.0 = Release|Any CPU
		{A1B2C3D4-E5F6-7890-1234-567890ABCDEF}.Release|x64.ActiveCfg = Release|Any CPU
		{A1B2C3D4-E5F6-7890-1234-567890ABCDEF}.Release|x64.Build.0 = Release|Any CPU
		{A1B2C3D4-E5F6-7890-1234-567890ABCDEF}.Release|x86.ActiveCfg = Release|Any CPU
		{A1B2C3D4-E5F6-7890-1234-567890ABCDEF}.Release|x86.Build.0 = Release|Any CPU
		{B1B2C3D4-E5F6-7890-1234-567890ABCDEF}.Debug|Any CPU.ActiveCfg = Debug|Any CPU
		{B1B2C3D4-E5F6-7890-1234-567890ABCDEF}.Debug|Any CPU.Build.0 = Debug|Any CPU
		{B1B2C3D4-E5F6-7890-1234-567890ABCDEF}.Debug|x64.ActiveCfg = Debug|Any CPU
		{B1B2C3D4-E5F6-7890-1234-567890ABCDEF}.Debug|x64.Build.0 = Debug|Any CPU
		{B1B2C3D4-E5F6-7890-1234-567890ABCDEF}.Debug|x86.ActiveCfg = Debug|Any CPU
		{B1B2C3D4-E5F6-7890-1234-567890ABCDEF}.Debug|x86.Build.0 = Debug|Any CPU
		{B1B2C3D4-E5F6-7890-1234-567890ABCDEF}.Release|Any CPU.ActiveCfg = Release|Any CPU
		{B1B2C3D4-E5F6-7890-1234-567890ABCDEF}.Release|Any CPU.Build.0 = Release|Any CPU
		{B1B2C3D4-E5F6-7890-1234-567890ABCDEF}.Release|x64.ActiveCfg = Release|Any CPU
		{B1B2C3D4-E5F6-7890-1234-567890ABCDEF}.Release|x64.Build.0 = Release|Any CPU
		{B1B2C3D4-E5F6-7890-1234-567890ABCDEF}.Release|x86.ActiveCfg = Release|Any CPU
		{B1B2C3D4-E5F6-7890-1234-567890ABCDEF}.Release|x86.Build.0 = Release|Any CPU
		{C1B2C3D4-E5F6-7890-1234-567890ABCDEF}.Debug|Any CPU.ActiveCfg = Debug|Any CPU
		{C1B2C3D4-E5F6-7890-1234-567890ABCDEF}.Debug|Any CPU.Build.0 = Debug|Any CPU
		{C1B2C3D4-E5F6-7890-1234-567890ABCDEF}.Debug|x64.ActiveCfg = Debug|Any CPU
		{C1B2C3D4-E5F6-7890-1234-567890ABCDEF}.Debug|x64.Build.0 = Debug|Any CPU
		{C1B2C3D4-E5F6-7890-1234-567890ABCDEF}.Debug|x86.ActiveCfg = Debug|Any CPU
		{C1B2C3D4-E5F6-7890-1234-567890ABCDEF}.Debug|x86.Build.0 = Debug|Any CPU
		{C1B2C3D4-E5F6-7890-1234-567890ABCDEF}.Release|Any CPU.ActiveCfg = Release|Any CPU
		{C1B2C3D4-E5F6-7890-1234-567890ABCDEF}.Release|Any CPU.Build.0 = Release|Any CPU
		{C1B2C3D4-E5F6-7890-1234-567890ABCDEF}.Release|x64.ActiveCfg = Release|Any CPU
		{C1B2C3D4-E5F6-7890-1234-567890ABCDEF}.Release|x64.Build.0 = Release|Any CPU
		{C1B2C3D4-E5F6-7890-1234-567890ABCDEF}.Release|x86.ActiveCfg = Release|Any CPU
		{C1B2C3D4-E5F6-7890-1234-567890ABCDEF}.Release|x86.Build.0 = Release|Any CPU
		{EA8B8C68-142B-453E-BABD-F9B61964940D}.Debug|Any CPU.ActiveCfg = Debug|Any CPU
		{EA8B8C68-142B-453E-BABD-F9B61964940D}.Debug|Any CPU.Build.0 = Debug|Any CPU
		{EA8B8C68-142B-453E-BABD-F9B61964940D}.Debug|x64.ActiveCfg = Debug|Any CPU
		{EA8B8C68-142B-453E-BABD-F9B61964940D}.Debug|x64.Build.0 = Debug|Any CPU
		{EA8B8C68-142B-453E-BABD-F9B61964940D}.Debug|x86.ActiveCfg = Debug|Any CPU
		{EA8B8C68-142B-453E-BABD-F9B61964940D}.Debug|x86.Build.0 = Debug|Any CPU
		{EA8B8C68-142B-453E-BABD-F9B61964940D}.Release|Any CPU.ActiveCfg = Release|Any CPU
		{EA8B8C68-142B-453E-BABD-F9B61964940D}.Release|Any CPU.Build.0 = Release|Any CPU
		{EA8B8C68-142B-453E-BABD-F9B61964940D}.Release|x64.ActiveCfg = Release|Any CPU
		{EA8B8C68-142B-453E-BABD-F9B61964940D}.Release|x64.Build.0 = Release|Any CPU
		{EA8B8C68-142B-453E-BABD-F9B61964940D}.Release|x86.ActiveCfg = Release|Any CPU
		{EA8B8C68-142B-453E-BABD-F9B61964940D}.Release|x86.Build.0 = Release|Any CPU
		{452036DE-205D-4728-86B3-882EC6560BE5}.Debug|Any CPU.ActiveCfg = Debug|Any CPU
		{452036DE-205D-4728-86B3-882EC6560BE5}.Debug|Any CPU.Build.0 = Debug|Any CPU
		{452036DE-205D-4728-86B3-882EC6560BE5}.Debug|x64.ActiveCfg = Debug|Any CPU
		{452036DE-205D-4728-86B3-882EC6560BE5}.Debug|x64.Build.0 = Debug|Any CPU
		{452036DE-205D-4728-86B3-882EC6560BE5}.Debug|x86.ActiveCfg = Debug|Any CPU
		{452036DE-205D-4728-86B3-882EC6560BE5}.Debug|x86.Build.0 = Debug|Any CPU
		{452036DE-205D-4728-86B3-882EC6560BE5}.Release|Any CPU.ActiveCfg = Release|Any CPU
		{452036DE-205D-4728-86B3-882EC6560BE5}.Release|Any CPU.Build.0 = Release|Any CPU
		{452036DE-205D-4728-86B3-882EC6560BE5}.Release|x64.ActiveCfg = Release|Any CPU
		{452036DE-205D-4728-86B3-882EC6560BE5}.Release|x64.Build.0 = Release|Any CPU
		{452036DE-205D-4728-86B3-882EC6560BE5}.Release|x86.ActiveCfg = Release|Any CPU
		{452036DE-205D-4728-86B3-882EC6560BE5}.Release|x86.Build.0 = Release|Any CPU
		{BB03C202-A4A7-4629-B0C6-EFBE886B8D13}.Debug|Any CPU.ActiveCfg = Debug|Any CPU
		{BB03C202-A4A7-4629-B0C6-EFBE886B8D13}.Debug|Any CPU.Build.0 = Debug|Any CPU
		{BB03C202-A4A7-4629-B0C6-EFBE886B8D13}.Debug|x64.ActiveCfg = Debug|Any CPU
		{BB03C202-A4A7-4629-B0C6-EFBE886B8D13}.Debug|x64.Build.0 = Debug|Any CPU
		{BB03C202-A4A7-4629-B0C6-EFBE886B8D13}.Debug|x86.ActiveCfg = Debug|Any CPU
		{BB03C202-A4A7-4629-B0C6-EFBE886B8D13}.Debug|x86.Build.0 = Debug|Any CPU
		{BB03C202-A4A7-4629-B0C6-EFBE886B8D13}.Release|Any CPU.ActiveCfg = Release|Any CPU
		{BB03C202-A4A7-4629-B0C6-EFBE886B8D13}.Release|Any CPU.Build.0 = Release|Any CPU
		{BB03C202-A4A7-4629-B0C6-EFBE886B8D13}.Release|x64.ActiveCfg = Release|Any CPU
		{BB03C202-A4A7-4629-B0C6-EFBE886B8D13}.Release|x64.Build.0 = Release|Any CPU
		{BB03C202-A4A7-4629-B0C6-EFBE886B8D13}.Release|x86.ActiveCfg = Release|Any CPU
		{BB03C202-A4A7-4629-B0C6-EFBE886B8D13}.Release|x86.Build.0 = Release|Any CPU
		{5BA4E6FA-7CE1-4753-BF86-37BDCFC50A86}.Debug|Any CPU.ActiveCfg = Debug|Any CPU
		{5BA4E6FA-7CE1-4753-BF86-37BDCFC50A86}.Debug|Any CPU.Build.0 = Debug|Any CPU
		{5BA4E6FA-7CE1-4753-BF86-37BDCFC50A86}.Debug|x64.ActiveCfg = Debug|Any CPU
		{5BA4E6FA-7CE1-4753-BF86-37BDCFC50A86}.Debug|x64.Build.0 = Debug|Any CPU
		{5BA4E6FA-7CE1-4753-BF86-37BDCFC50A86}.Debug|x86.ActiveCfg = Debug|Any CPU
		{5BA4E6FA-7CE1-4753-BF86-37BDCFC50A86}.Debug|x86.Build.0 = Debug|Any CPU
		{5BA4E6FA-7CE1-4753-BF86-37BDCFC50A86}.Release|Any CPU.ActiveCfg = Release|Any CPU
		{5BA4E6FA-7CE1-4753-BF86-37BDCFC50A86}.Release|Any CPU.Build.0 = Release|Any CPU
		{5BA4E6FA-7CE1-4753-BF86-37BDCFC50A86}.Release|x64.ActiveCfg = Release|Any CPU
		{5BA4E6FA-7CE1-4753-BF86-37BDCFC50A86}.Release|x64.Build.0 = Release|Any CPU
		{5BA4E6FA-7CE1-4753-BF86-37BDCFC50A86}.Release|x86.ActiveCfg = Release|Any CPU
		{5BA4E6FA-7CE1-4753-BF86-37BDCFC50A86}.Release|x86.Build.0 = Release|Any CPU
		{C1C70C0F-3CF9-4D29-AD16-C6DF0C8E0416}.Debug|Any CPU.ActiveCfg = Debug|Any CPU
		{C1C70C0F-3CF9-4D29-AD16-C6DF0C8E0416}.Debug|Any CPU.Build.0 = Debug|Any CPU
		{C1C70C0F-3CF9-4D29-AD16-C6DF0C8E0416}.Debug|x64.ActiveCfg = Debug|Any CPU
		{C1C70C0F-3CF9-4D29-AD16-C6DF0C8E0416}.Debug|x64.Build.0 = Debug|Any CPU
		{C1C70C0F-3CF9-4D29-AD16-C6DF0C8E0416}.Debug|x86.ActiveCfg = Debug|Any CPU
		{C1C70C0F-3CF9-4D29-AD16-C6DF0C8E0416}.Debug|x86.Build.0 = Debug|Any CPU
		{C1C70C0F-3CF9-4D29-AD16-C6DF0C8E0416}.Release|Any CPU.ActiveCfg = Release|Any CPU
		{C1C70C0F-3CF9-4D29-AD16-C6DF0C8E0416}.Release|Any CPU.Build.0 = Release|Any CPU
		{C1C70C0F-3CF9-4D29-AD16-C6DF0C8E0416}.Release|x64.ActiveCfg = Release|Any CPU
		{C1C70C0F-3CF9-4D29-AD16-C6DF0C8E0416}.Release|x64.Build.0 = Release|Any CPU
		{C1C70C0F-3CF9-4D29-AD16-C6DF0C8E0416}.Release|x86.ActiveCfg = Release|Any CPU
		{C1C70C0F-3CF9-4D29-AD16-C6DF0C8E0416}.Release|x86.Build.0 = Release|Any CPU
		{AA869C94-89D2-4F44-AD5C-A4061F2E843D}.Debug|Any CPU.ActiveCfg = Debug|Any CPU
		{AA869C94-89D2-4F44-AD5C-A4061F2E843D}.Debug|Any CPU.Build.0 = Debug|Any CPU
		{AA869C94-89D2-4F44-AD5C-A4061F2E843D}.Debug|x64.ActiveCfg = Debug|Any CPU
		{AA869C94-89D2-4F44-AD5C-A4061F2E843D}.Debug|x64.Build.0 = Debug|Any CPU
		{AA869C94-89D2-4F44-AD5C-A4061F2E843D}.Debug|x86.ActiveCfg = Debug|Any CPU
		{AA869C94-89D2-4F44-AD5C-A4061F2E843D}.Debug|x86.Build.0 = Debug|Any CPU
		{AA869C94-89D2-4F44-AD5C-A4061F2E843D}.Release|Any CPU.ActiveCfg = Release|Any CPU
		{AA869C94-89D2-4F44-AD5C-A4061F2E843D}.Release|Any CPU.Build.0 = Release|Any CPU
		{AA869C94-89D2-4F44-AD5C-A4061F2E843D}.Release|x64.ActiveCfg = Release|Any CPU
		{AA869C94-89D2-4F44-AD5C-A4061F2E843D}.Release|x64.Build.0 = Release|Any CPU
		{AA869C94-89D2-4F44-AD5C-A4061F2E843D}.Release|x86.ActiveCfg = Release|Any CPU
		{AA869C94-89D2-4F44-AD5C-A4061F2E843D}.Release|x86.Build.0 = Release|Any CPU
		{1A745171-9402-40F0-984E-ECD7B5A92F9C}.Debug|Any CPU.ActiveCfg = Debug|Any CPU
		{1A745171-9402-40F0-984E-ECD7B5A92F9C}.Debug|Any CPU.Build.0 = Debug|Any CPU
		{1A745171-9402-40F0-984E-ECD7B5A92F9C}.Debug|x64.ActiveCfg = Debug|Any CPU
		{1A745171-9402-40F0-984E-ECD7B5A92F9C}.Debug|x64.Build.0 = Debug|Any CPU
		{1A745171-9402-40F0-984E-ECD7B5A92F9C}.Debug|x86.ActiveCfg = Debug|Any CPU
		{1A745171-9402-40F0-984E-ECD7B5A92F9C}.Debug|x86.Build.0 = Debug|Any CPU
		{1A745171-9402-40F0-984E-ECD7B5A92F9C}.Release|Any CPU.ActiveCfg = Release|Any CPU
		{1A745171-9402-40F0-984E-ECD7B5A92F9C}.Release|Any CPU.Build.0 = Release|Any CPU
		{1A745171-9402-40F0-984E-ECD7B5A92F9C}.Release|x64.ActiveCfg = Release|Any CPU
		{1A745171-9402-40F0-984E-ECD7B5A92F9C}.Release|x64.Build.0 = Release|Any CPU
		{1A745171-9402-40F0-984E-ECD7B5A92F9C}.Release|x86.ActiveCfg = Release|Any CPU
		{1A745171-9402-40F0-984E-ECD7B5A92F9C}.Release|x86.Build.0 = Release|Any CPU
		{7F20D283-8E68-4562-8A3E-4BEABC7C4B0C}.Debug|Any CPU.ActiveCfg = Debug|Any CPU
		{7F20D283-8E68-4562-8A3E-4BEABC7C4B0C}.Debug|Any CPU.Build.0 = Debug|Any CPU
		{7F20D283-8E68-4562-8A3E-4BEABC7C4B0C}.Debug|x64.ActiveCfg = Debug|Any CPU
		{7F20D283-8E68-4562-8A3E-4BEABC7C4B0C}.Debug|x64.Build.0 = Debug|Any CPU
		{7F20D283-8E68-4562-8A3E-4BEABC7C4B0C}.Debug|x86.ActiveCfg = Debug|Any CPU
		{7F20D283-8E68-4562-8A3E-4BEABC7C4B0C}.Debug|x86.Build.0 = Debug|Any CPU
		{7F20D283-8E68-4562-8A3E-4BEABC7C4B0C}.Release|Any CPU.ActiveCfg = Release|Any CPU
		{7F20D283-8E68-4562-8A3E-4BEABC7C4B0C}.Release|Any CPU.Build.0 = Release|Any CPU
		{7F20D283-8E68-4562-8A3E-4BEABC7C4B0C}.Release|x64.ActiveCfg = Release|Any CPU
		{7F20D283-8E68-4562-8A3E-4BEABC7C4B0C}.Release|x64.Build.0 = Release|Any CPU
		{7F20D283-8E68-4562-8A3E-4BEABC7C4B0C}.Release|x86.ActiveCfg = Release|Any CPU
		{7F20D283-8E68-4562-8A3E-4BEABC7C4B0C}.Release|x86.Build.0 = Release|Any CPU
	EndGlobalSection
	GlobalSection(SolutionProperties) = preSolution
		HideSolutionNode = FALSE
	EndGlobalSection
	GlobalSection(NestedProjects) = preSolution
		{EA8B8C68-142B-453E-BABD-F9B61964940D} = {827E0CD3-B72D-47B6-A68D-7590B98EB39B}
		{452036DE-205D-4728-86B3-882EC6560BE5} = {827E0CD3-B72D-47B6-A68D-7590B98EB39B}
		{BB03C202-A4A7-4629-B0C6-EFBE886B8D13} = {827E0CD3-B72D-47B6-A68D-7590B98EB39B}
		{5BA4E6FA-7CE1-4753-BF86-37BDCFC50A86} = {827E0CD3-B72D-47B6-A68D-7590B98EB39B}
		{C1C70C0F-3CF9-4D29-AD16-C6DF0C8E0416} = {827E0CD3-B72D-47B6-A68D-7590B98EB39B}
		{AA869C94-89D2-4F44-AD5C-A4061F2E843D} = {827E0CD3-B72D-47B6-A68D-7590B98EB39B}
		{1A745171-9402-40F0-984E-ECD7B5A92F9C} = {827E0CD3-B72D-47B6-A68D-7590B98EB39B}
		{7F20D283-8E68-4562-8A3E-4BEABC7C4B0C} = {827E0CD3-B72D-47B6-A68D-7590B98EB39B}
	EndGlobalSection
EndGlobal
